<?xml version="1.0" encoding="utf-8"?>
<Project ToolsVersion="4.0" xmlns="http://schemas.microsoft.com/developer/msbuild/2003">
  <ItemGroup>
    <Filter Include="Archivos de origen">
      <UniqueIdentifier>{4FC737F1-C7A5-4376-A066-2A32D752A2FF}</UniqueIdentifier>
      <Extensions>cpp;c;cc;cxx;def;odl;idl;hpj;bat;asm;asmx</Extensions>
    </Filter>
    <Filter Include="Shaders">
      <UniqueIdentifier>{8ae40fc4-02a5-4c30-b941-8021b0db7626}</UniqueIdentifier>
    </Filter>
    <Filter Include="Assimp">
      <UniqueIdentifier>{84c86049-415d-41a4-bcca-345607734129}</UniqueIdentifier>
    </Filter>
    <Filter Include="Camera">
      <UniqueIdentifier>{f8e5d283-83ad-41e7-bea0-8f5e0abb863b}</UniqueIdentifier>
    </Filter>
    <Filter Include="Light">
      <UniqueIdentifier>{6f81998a-c6cc-4ae1-a552-aa6fd11fcc72}</UniqueIdentifier>
    </Filter>
    <Filter Include="Miscellaneous">
      <UniqueIdentifier>{1f102ce8-82c5-4a71-a688-379764710030}</UniqueIdentifier>
    </Filter>
    <Filter Include="Entities">
      <UniqueIdentifier>{b6e74ea5-78da-4b26-ade7-250dbce46e1a}</UniqueIdentifier>
    </Filter>
    <Filter Include="Importer">
      <UniqueIdentifier>{a493cf17-d4e1-48cd-b651-a0811e606f0e}</UniqueIdentifier>
    </Filter>
    <Filter Include=".Hs">
      <UniqueIdentifier>{38a079c7-6828-4997-bcb0-4410fa273e21}</UniqueIdentifier>
    </Filter>
    <Filter Include="TileMap">
      <UniqueIdentifier>{e713d068-b4d4-4d2d-891d-26f63abcc0b1}</UniqueIdentifier>
    </Filter>
    <Filter Include="MyImporter">
      <UniqueIdentifier>{8b02ec84-f4a7-4f76-a119-248d83317f8d}</UniqueIdentifier>
    </Filter>
  </ItemGroup>
  <ItemGroup>
    <ClCompile Include="..\src\Motor\baseGame.cpp">
      <Filter>Archivos de origen</Filter>
    </ClCompile>
    <ClCompile Include="..\src\Motor\camera.cpp">
      <Filter>Camera</Filter>
    </ClCompile>
    <ClCompile Include="..\src\Motor\firstPersonCamera.cpp">
      <Filter>Camera</Filter>
    </ClCompile>
    <ClCompile Include="..\src\Motor\thirdPersonCamera.cpp">
      <Filter>Camera</Filter>
    </ClCompile>
    <ClCompile Include="..\src\Motor\directionalLight.cpp">
      <Filter>Light</Filter>
    </ClCompile>
    <ClCompile Include="..\src\Motor\light.cpp">
      <Filter>Light</Filter>
    </ClCompile>
    <ClCompile Include="..\src\Motor\pointLight.cpp">
      <Filter>Light</Filter>
    </ClCompile>
    <ClCompile Include="..\src\Motor\Model.cpp">
      <Filter>Importer</Filter>
    </ClCompile>
    <ClCompile Include="..\src\Motor\Mesh.cpp">
      <Filter>Importer</Filter>
    </ClCompile>
    <ClCompile Include="..\src\Motor\tileMap.cpp">
      <Filter>TileMap</Filter>
    </ClCompile>
    <ClCompile Include="..\src\Motor\tile.cpp">
      <Filter>TileMap</Filter>
    </ClCompile>
    <ClCompile Include="..\src\Motor\entity.cpp">
      <Filter>Entities</Filter>
    </ClCompile>
    <ClCompile Include="..\src\Motor\entity2D.cpp">
      <Filter>Entities</Filter>
    </ClCompile>
    <ClCompile Include="..\src\Motor\shape.cpp">
      <Filter>Entities</Filter>
    </ClCompile>
    <ClCompile Include="..\src\Motor\sprite.cpp">
      <Filter>Entities</Filter>
    </ClCompile>
    <ClCompile Include="..\src\Motor\tinyxml2.cpp">
      <Filter>.Hs</Filter>
    </ClCompile>
    <ClCompile Include="..\src\Motor\stb_image.cpp">
      <Filter>.Hs</Filter>
    </ClCompile>
    <ClCompile Include="..\src\Motor\window.cpp">
      <Filter>Miscellaneous</Filter>
    </ClCompile>
    <ClCompile Include="..\src\Motor\time.cpp">
      <Filter>Miscellaneous</Filter>
    </ClCompile>
    <ClCompile Include="..\src\Motor\textureImporter.cpp">
      <Filter>Miscellaneous</Filter>
    </ClCompile>
    <ClCompile Include="..\src\Motor\shader.cpp">
      <Filter>Miscellaneous</Filter>
    </ClCompile>
    <ClCompile Include="..\src\Motor\renderer.cpp">
      <Filter>Miscellaneous</Filter>
    </ClCompile>
    <ClCompile Include="..\src\Motor\input.cpp">
      <Filter>Miscellaneous</Filter>
    </ClCompile>
    <ClCompile Include="..\src\Motor\collisionManager.cpp">
      <Filter>Miscellaneous</Filter>
    </ClCompile>
    <ClCompile Include="..\src\Motor\animation.cpp">
      <Filter>Miscellaneous</Filter>
    </ClCompile>
    <ClCompile Include="..\src\Motor\spotLight.cpp">
      <Filter>Light</Filter>
    </ClCompile>
    <ClCompile Include="..\src\Motor\modelImporter.cpp">
      <Filter>MyImporter</Filter>
    </ClCompile>
    <ClCompile Include="..\src\Motor\entity3D.cpp">
      <Filter>Entities</Filter>
    </ClCompile>
  </ItemGroup>
  <ItemGroup>
    <ClInclude Include="..\lib\assimp\include\ai_assert.h">
      <Filter>Assimp</Filter>
    </ClInclude>
    <ClInclude Include="..\lib\assimp\include\anim.h">
      <Filter>Assimp</Filter>
    </ClInclude>
    <ClInclude Include="..\lib\assimp\include\camera.h">
      <Filter>Assimp</Filter>
    </ClInclude>
    <ClInclude Include="..\lib\assimp\include\cexport.h">
      <Filter>Assimp</Filter>
    </ClInclude>
    <ClInclude Include="..\lib\assimp\include\cfileio.h">
      <Filter>Assimp</Filter>
    </ClInclude>
    <ClInclude Include="..\lib\assimp\include\cimport.h">
      <Filter>Assimp</Filter>
    </ClInclude>
    <ClInclude Include="..\lib\assimp\include\color4.h">
      <Filter>Assimp</Filter>
    </ClInclude>
    <ClInclude Include="..\lib\assimp\include\config.h">
      <Filter>Assimp</Filter>
    </ClInclude>
    <ClInclude Include="..\lib\assimp\include\DefaultLogger.hpp">
      <Filter>Assimp</Filter>
    </ClInclude>
    <ClInclude Include="..\lib\assimp\include\defs.h">
      <Filter>Assimp</Filter>
    </ClInclude>
    <ClInclude Include="..\lib\assimp\include\Exporter.hpp">
      <Filter>Assimp</Filter>
    </ClInclude>
    <ClInclude Include="..\lib\assimp\include\Importer.hpp">
      <Filter>Assimp</Filter>
    </ClInclude>
    <ClInclude Include="..\lib\assimp\include\importerdesc.h">
      <Filter>Assimp</Filter>
    </ClInclude>
    <ClInclude Include="..\lib\assimp\include\IOStream.hpp">
      <Filter>Assimp</Filter>
    </ClInclude>
    <ClInclude Include="..\lib\assimp\include\IOSystem.hpp">
      <Filter>Assimp</Filter>
    </ClInclude>
    <ClInclude Include="..\lib\assimp\include\light.h">
      <Filter>Assimp</Filter>
    </ClInclude>
    <ClInclude Include="..\lib\assimp\include\Logger.hpp">
      <Filter>Assimp</Filter>
    </ClInclude>
    <ClInclude Include="..\lib\assimp\include\LogStream.hpp">
      <Filter>Assimp</Filter>
    </ClInclude>
    <ClInclude Include="..\lib\assimp\include\material.h">
      <Filter>Assimp</Filter>
    </ClInclude>
    <ClInclude Include="..\lib\assimp\include\matrix3x3.h">
      <Filter>Assimp</Filter>
    </ClInclude>
    <ClInclude Include="..\lib\assimp\include\matrix4x4.h">
      <Filter>Assimp</Filter>
    </ClInclude>
    <ClInclude Include="..\lib\assimp\include\mesh.h">
      <Filter>Assimp</Filter>
    </ClInclude>
    <ClInclude Include="..\lib\assimp\include\metadata.h">
      <Filter>Assimp</Filter>
    </ClInclude>
    <ClInclude Include="..\lib\assimp\include\NullLogger.hpp">
      <Filter>Assimp</Filter>
    </ClInclude>
    <ClInclude Include="..\lib\assimp\include\postprocess.h">
      <Filter>Assimp</Filter>
    </ClInclude>
    <ClInclude Include="..\lib\assimp\include\ProgressHandler.hpp">
      <Filter>Assimp</Filter>
    </ClInclude>
    <ClInclude Include="..\lib\assimp\include\quaternion.h">
      <Filter>Assimp</Filter>
    </ClInclude>
    <ClInclude Include="..\lib\assimp\include\scene.h">
      <Filter>Assimp</Filter>
    </ClInclude>
    <ClInclude Include="..\lib\assimp\include\texture.h">
      <Filter>Assimp</Filter>
    </ClInclude>
    <ClInclude Include="..\lib\assimp\include\types.h">
      <Filter>Assimp</Filter>
    </ClInclude>
    <ClInclude Include="..\lib\assimp\include\vector2.h">
      <Filter>Assimp</Filter>
    </ClInclude>
    <ClInclude Include="..\lib\assimp\include\vector3.h">
      <Filter>Assimp</Filter>
    </ClInclude>
    <ClInclude Include="..\lib\assimp\include\version.h">
      <Filter>Assimp</Filter>
    </ClInclude>
    <ClInclude Include="..\src\Motor\camera.h">
      <Filter>Camera</Filter>
    </ClInclude>
    <ClInclude Include="..\src\Motor\animation.h">
      <Filter>Miscellaneous</Filter>
    </ClInclude>
    <ClInclude Include="..\src\Motor\atlasConfig.h">
      <Filter>Miscellaneous</Filter>
    </ClInclude>
    <ClInclude Include="..\src\Motor\collisionManager.h">
      <Filter>Miscellaneous</Filter>
    </ClInclude>
    <ClInclude Include="..\src\Motor\directionalLight.h">
      <Filter>Light</Filter>
    </ClInclude>
    <ClInclude Include="..\src\Motor\entity.h">
      <Filter>Entities</Filter>
    </ClInclude>
    <ClInclude Include="..\src\Motor\entity2D.h">
      <Filter>Entities</Filter>
    </ClInclude>
    <ClInclude Include="..\src\Motor\light.h">
      <Filter>Light</Filter>
    </ClInclude>
    <ClInclude Include="..\src\Motor\Mesh.h">
      <Filter>Importer</Filter>
    </ClInclude>
    <ClInclude Include="..\src\Motor\Model.h">
      <Filter>Importer</Filter>
    </ClInclude>
    <ClInclude Include="..\src\Motor\pointLight.h">
      <Filter>Light</Filter>
    </ClInclude>
    <ClInclude Include="..\src\Motor\shape.h">
      <Filter>Entities</Filter>
    </ClInclude>
    <ClInclude Include="..\src\Motor\sprite.h">
      <Filter>Entities</Filter>
    </ClInclude>
    <ClInclude Include="..\src\Motor\exports.h">
      <Filter>.Hs</Filter>
    </ClInclude>
    <ClInclude Include="..\src\Motor\stb_image.h">
      <Filter>.Hs</Filter>
    </ClInclude>
    <ClInclude Include="..\src\Motor\keycodes.h">
      <Filter>.Hs</Filter>
    </ClInclude>
    <ClInclude Include="..\src\Motor\input.h">
      <Filter>Miscellaneous</Filter>
    </ClInclude>
    <ClInclude Include="..\src\Motor\firstPersonCamera.h">
      <Filter>Camera</Filter>
    </ClInclude>
    <ClInclude Include="..\src\Motor\spotLight.h">
      <Filter>Light</Filter>
    </ClInclude>
    <ClInclude Include="..\src\Motor\vertexs.h">
      <Filter>.Hs</Filter>
    </ClInclude>
    <ClInclude Include="..\src\Motor\tinyxml2.h">
      <Filter>.Hs</Filter>
    </ClInclude>
    <ClInclude Include="..\src\Motor\tileMap.h">
      <Filter>TileMap</Filter>
    </ClInclude>
    <ClInclude Include="..\src\Motor\tile.h">
      <Filter>TileMap</Filter>
    </ClInclude>
    <ClInclude Include="..\src\Motor\thirdPersonCamera.h">
      <Filter>Camera</Filter>
    </ClInclude>
    <ClInclude Include="..\src\Motor\window.h">
      <Filter>Miscellaneous</Filter>
    </ClInclude>
    <ClInclude Include="..\src\Motor\renderer.h">
      <Filter>Miscellaneous</Filter>
    </ClInclude>
    <ClInclude Include="..\src\Motor\shader.h">
      <Filter>Miscellaneous</Filter>
    </ClInclude>
    <ClInclude Include="..\src\Motor\textureImporter.h">
      <Filter>Miscellaneous</Filter>
    </ClInclude>
    <ClInclude Include="..\src\Motor\time.h">
      <Filter>Miscellaneous</Filter>
    </ClInclude>
    <ClInclude Include="..\src\Motor\baseGame.h">
      <Filter>Archivos de origen</Filter>
    </ClInclude>
    <ClInclude Include="..\src\Motor\modelImporter.h">
      <Filter>MyImporter</Filter>
    </ClInclude>
    <ClInclude Include="..\src\Motor\entity3D.h">
      <Filter>Entities</Filter>
    </ClInclude>
  </ItemGroup>
  <ItemGroup>
    <None Include="..\src\Motor\Shaders\SolidFragment.shader">
      <Filter>Shaders</Filter>
    </None>
    <None Include="..\src\Motor\Shaders\SolidVertex.shader">
      <Filter>Shaders</Filter>
    </None>
    <None Include="..\src\Motor\Shaders\TextureFragment.shader">
      <Filter>Shaders</Filter>
    </None>
    <None Include="..\src\Motor\Shaders\TextureVertex.shader">
      <Filter>Shaders</Filter>
    </None>
    <None Include="..\src\Motor\Shaders\SolidFragmentVariant.shader">
      <Filter>Shaders</Filter>
    </None>
    <None Include="..\lib\assimp\include\color4.inl">
      <Filter>Assimp</Filter>
    </None>
    <None Include="..\lib\assimp\include\material.inl">
      <Filter>Assimp</Filter>
    </None>
    <None Include="..\lib\assimp\include\matrix3x3.inl">
      <Filter>Assimp</Filter>
    </None>
    <None Include="..\lib\assimp\include\matrix4x4.inl">
      <Filter>Assimp</Filter>
    </None>
    <None Include="..\lib\assimp\include\quaternion.inl">
      <Filter>Assimp</Filter>
    </None>
    <None Include="..\lib\assimp\include\vector2.inl">
      <Filter>Assimp</Filter>
    </None>
    <None Include="..\lib\assimp\include\vector3.inl">
      <Filter>Assimp</Filter>
    </None>
    <None Include="..\src\Motor\Shaders\a.shader">
      <Filter>Shaders</Filter>
    </None>
    <None Include="..\src\Motor\Shaders\b.shader">
      <Filter>Shaders</Filter>
    </None>
  </ItemGroup>
</Project>